
Microsoft Visual Studio Solution File, Format Version 12.00
# Visual Studio 2013
VisualStudioVersion = 12.0.31101.0
MinimumVisualStudioVersion = 10.0.40219.1
Project("{FAE04EC0-301F-11D3-BF4B-00C04F79EFBC}") = "Yiim.Web", "Yiim.Web\Yiim.Web.csproj", "{5B63A848-7F32-4948-A738-0654BA1460C2}"
EndProject
Project("{FAE04EC0-301F-11D3-BF4B-00C04F79EFBC}") = "Yiim.Interfaces", "Yiim.Interfaces\Yiim.Interfaces.csproj", "{1D84A494-9B37-42BA-8AC9-B94BD7D7FD88}"
EndProject
Project("{FAE04EC0-301F-11D3-BF4B-00C04F79EFBC}") = "Yiim.Models", "Yiim.Models\Yiim.Models.csproj", "{6C9C1C2C-3BB3-46E3-B1F9-1FFB2F9574D1}"
EndProject
Project("{FAE04EC0-301F-11D3-BF4B-00C04F79EFBC}") = "Yiim.ViewModels", "Yiim.ViewModels\Yiim.ViewModels.csproj", "{6C511D73-85DB-4478-90F3-DE576ACD4994}"
EndProject
Project("{FAE04EC0-301F-11D3-BF4B-00C04F79EFBC}") = "Yiim.Services", "Yiim.Services\Yiim.Services.csproj", "{885C0B68-73D2-4603-B791-B2BB5759F8C9}"
EndProject
Project("{FAE04EC0-301F-11D3-BF4B-00C04F79EFBC}") = "Yiim.Core.Web", "Yiim.Core.Web\Yiim.Core.Web.csproj", "{6473FD73-F2D9-4A11-848B-EA53CADA656E}"
EndProject
Project("{FAE04EC0-301F-11D3-BF4B-00C04F79EFBC}") = "Yiim.Common", "Yiim.Common\Yiim.Common.csproj", "{7496F582-7BDE-42DF-80A0-B9DDB312CDA1}"
EndProject
Project("{2150E333-8FDC-42A3-9474-1A3956D46DE8}") = "Presentation", "Presentation", "{50B3A36C-B449-423F-A3D8-66958C7C0A9E}"
EndProject
Project("{2150E333-8FDC-42A3-9474-1A3956D46DE8}") = "Core", "Core", "{2DCAB71F-1DC4-47DF-A221-3FC97C8661B1}"
EndProject
Project("{2150E333-8FDC-42A3-9474-1A3956D46DE8}") = "Application", "Application", "{AB7CCACC-4FAA-46DA-939A-A9F462EB2C34}"
EndProject
Global
	GlobalSection(SolutionConfigurationPlatforms) = preSolution
		Debug|Any CPU = Debug|Any CPU
		Release|Any CPU = Release|Any CPU
	EndGlobalSection
	GlobalSection(ProjectConfigurationPlatforms) = postSolution
		{5B63A848-7F32-4948-A738-0654BA1460C2}.Debug|Any CPU.ActiveCfg = Debug|Any CPU
		{5B63A848-7F32-4948-A738-0654BA1460C2}.Debug|Any CPU.Build.0 = Debug|Any CPU
		{5B63A848-7F32-4948-A738-0654BA1460C2}.Release|Any CPU.ActiveCfg = Release|Any CPU
		{5B63A848-7F32-4948-A738-0654BA1460C2}.Release|Any CPU.Build.0 = Release|Any CPU
		{1D84A494-9B37-42BA-8AC9-B94BD7D7FD88}.Debug|Any CPU.ActiveCfg = Debug|Any CPU
		{1D84A494-9B37-42BA-8AC9-B94BD7D7FD88}.Debug|Any CPU.Build.0 = Debug|Any CPU
		{1D84A494-9B37-42BA-8AC9-B94BD7D7FD88}.Release|Any CPU.ActiveCfg = Release|Any CPU
		{1D84A494-9B37-42BA-8AC9-B94BD7D7FD88}.Release|Any CPU.Build.0 = Release|Any CPU
		{6C9C1C2C-3BB3-46E3-B1F9-1FFB2F9574D1}.Debug|Any CPU.ActiveCfg = Debug|Any CPU
		{6C9C1C2C-3BB3-46E3-B1F9-1FFB2F9574D1}.Debug|Any CPU.Build.0 = Debug|Any CPU
		{6C9C1C2C-3BB3-46E3-B1F9-1FFB2F9574D1}.Release|Any CPU.ActiveCfg = Release|Any CPU
		{6C9C1C2C-3BB3-46E3-B1F9-1FFB2F9574D1}.Release|Any CPU.Build.0 = Release|Any CPU
		{6C511D73-85DB-4478-90F3-DE576ACD4994}.Debug|Any CPU.ActiveCfg = Debug|Any CPU
		{6C511D73-85DB-4478-90F3-DE576ACD4994}.Debug|Any CPU.Build.0 = Debug|Any CPU
		{6C511D73-85DB-4478-90F3-DE576ACD4994}.Release|Any CPU.ActiveCfg = Release|Any CPU
		{6C511D73-85DB-4478-90F3-DE576ACD4994}.Release|Any CPU.Build.0 = Release|Any CPU
		{885C0B68-73D2-4603-B791-B2BB5759F8C9}.Debug|Any CPU.ActiveCfg = Debug|Any CPU
		{885C0B68-73D2-4603-B791-B2BB5759F8C9}.Debug|Any CPU.Build.0 = Debug|Any CPU
		{885C0B68-73D2-4603-B791-B2BB5759F8C9}.Release|Any CPU.ActiveCfg = Release|Any CPU
		{885C0B68-73D2-4603-B791-B2BB5759F8C9}.Release|Any CPU.Build.0 = Release|Any CPU
		{6473FD73-F2D9-4A11-848B-EA53CADA656E}.Debug|Any CPU.ActiveCfg = Debug|Any CPU
		{6473FD73-F2D9-4A11-848B-EA53CADA656E}.Debug|Any CPU.Build.0 = Debug|Any CPU
		{6473FD73-F2D9-4A11-848B-EA53CADA656E}.Release|Any CPU.ActiveCfg = Release|Any CPU
		{6473FD73-F2D9-4A11-848B-EA53CADA656E}.Release|Any CPU.Build.0 = Release|Any CPU
		{7496F582-7BDE-42DF-80A0-B9DDB312CDA1}.Debug|Any CPU.ActiveCfg = Debug|Any CPU
		{7496F582-7BDE-42DF-80A0-B9DDB312CDA1}.Debug|Any CPU.Build.0 = Debug|Any CPU
		{7496F582-7BDE-42DF-80A0-B9DDB312CDA1}.Release|Any CPU.ActiveCfg = Release|Any CPU
		{7496F582-7BDE-42DF-80A0-B9DDB312CDA1}.Release|Any CPU.Build.0 = Release|Any CPU
	EndGlobalSection
	GlobalSection(SolutionProperties) = preSolution
		HideSolutionNode = FALSE
	EndGlobalSection
	GlobalSection(NestedProjects) = preSolution
		{5B63A848-7F32-4948-A738-0654BA1460C2} = {50B3A36C-B449-423F-A3D8-66958C7C0A9E}
		{1D84A494-9B37-42BA-8AC9-B94BD7D7FD88} = {AB7CCACC-4FAA-46DA-939A-A9F462EB2C34}
		{6C9C1C2C-3BB3-46E3-B1F9-1FFB2F9574D1} = {AB7CCACC-4FAA-46DA-939A-A9F462EB2C34}
		{6C511D73-85DB-4478-90F3-DE576ACD4994} = {AB7CCACC-4FAA-46DA-939A-A9F462EB2C34}
		{885C0B68-73D2-4603-B791-B2BB5759F8C9} = {AB7CCACC-4FAA-46DA-939A-A9F462EB2C34}
		{6473FD73-F2D9-4A11-848B-EA53CADA656E} = {2DCAB71F-1DC4-47DF-A221-3FC97C8661B1}
		{7496F582-7BDE-42DF-80A0-B9DDB312CDA1} = {2DCAB71F-1DC4-47DF-A221-3FC97C8661B1}
	EndGlobalSection
EndGlobal
